// !$*UTF8*$!
{
	archiveVersion = 1;
	classes = {
	};
	objectVersion = 56;
	objects = {

/* Begin PBXBuildFile section */
		C20E7B122B788E0900542D26 /* UIColor.swift in Sources */ = {isa = PBXBuildFile; fileRef = C20E7B112B788E0900542D26 /* UIColor.swift */; };
		C20E7B142B788F7400542D26 /* UIView.swift in Sources */ = {isa = PBXBuildFile; fileRef = C20E7B132B788F7400542D26 /* UIView.swift */; };
		C20F839D2B591CF4006B2463 /* AppDelegate.swift in Sources */ = {isa = PBXBuildFile; fileRef = C20F839C2B591CF4006B2463 /* AppDelegate.swift */; };
		C20F839F2B591CF4006B2463 /* SceneDelegate.swift in Sources */ = {isa = PBXBuildFile; fileRef = C20F839E2B591CF4006B2463 /* SceneDelegate.swift */; };
		C20F83A12B591CF4006B2463 /* ViewController.swift in Sources */ = {isa = PBXBuildFile; fileRef = C20F83A02B591CF4006B2463 /* ViewController.swift */; };
		C20F83A42B591CF4006B2463 /* Main.storyboard in Resources */ = {isa = PBXBuildFile; fileRef = C20F83A22B591CF4006B2463 /* Main.storyboard */; };
		C20F83A62B591CF5006B2463 /* Assets.xcassets in Resources */ = {isa = PBXBuildFile; fileRef = C20F83A52B591CF5006B2463 /* Assets.xcassets */; };
		C20F83A92B591CF5006B2463 /* LaunchScreen.storyboard in Resources */ = {isa = PBXBuildFile; fileRef = C20F83A72B591CF5006B2463 /* LaunchScreen.storyboard */; };
		C25FC4492B5BCC69000D8F6E /* KeywordResultViewController.swift in Sources */ = {isa = PBXBuildFile; fileRef = C25FC4482B5BCC69000D8F6E /* KeywordResultViewController.swift */; };
		C25FC44C2B5BD064000D8F6E /* Alamofire in Frameworks */ = {isa = PBXBuildFile; productRef = C25FC44B2B5BD064000D8F6E /* Alamofire */; };
		C25FC44E2B5BD39B000D8F6E /* Keyword.swift in Sources */ = {isa = PBXBuildFile; fileRef = C25FC44D2B5BD39B000D8F6E /* Keyword.swift */; };
		C25FC4512B5BD8F3000D8F6E /* ResultCollectionViewCell.swift in Sources */ = {isa = PBXBuildFile; fileRef = C25FC44F2B5BD8F3000D8F6E /* ResultCollectionViewCell.swift */; };
		C25FC4522B5BD8F3000D8F6E /* ResultCollectionViewCell.xib in Resources */ = {isa = PBXBuildFile; fileRef = C25FC4502B5BD8F3000D8F6E /* ResultCollectionViewCell.xib */; };
		C25FC4552B5BDE68000D8F6E /* Kingfisher in Frameworks */ = {isa = PBXBuildFile; productRef = C25FC4542B5BDE68000D8F6E /* Kingfisher */; };
		C25FC45D2B5BE0DF000D8F6E /* .gitignore in Resources */ = {isa = PBXBuildFile; fileRef = C25FC45C2B5BE0DF000D8F6E /* .gitignore */; };
		C25FC45F2B5BE120000D8F6E /* APIKey.swift in Sources */ = {isa = PBXBuildFile; fileRef = C25FC45E2B5BE120000D8F6E /* APIKey.swift */; };
		C29E8B382B60E42700894D23 /* NicknameTableViewCell.swift in Sources */ = {isa = PBXBuildFile; fileRef = C29E8B362B60E42700894D23 /* NicknameTableViewCell.swift */; };
		C29E8B392B60E42700894D23 /* NicknameTableViewCell.xib in Resources */ = {isa = PBXBuildFile; fileRef = C29E8B372B60E42700894D23 /* NicknameTableViewCell.xib */; };
		C29E8B3C2B60E44500894D23 /* SettingTableViewCell.swift in Sources */ = {isa = PBXBuildFile; fileRef = C29E8B3A2B60E44500894D23 /* SettingTableViewCell.swift */; };
		C29E8B3D2B60E44500894D23 /* SettingTableViewCell.xib in Resources */ = {isa = PBXBuildFile; fileRef = C29E8B3B2B60E44500894D23 /* SettingTableViewCell.xib */; };
		C29E8B3F2B6100EE00894D23 /* UserDefaultManager.swift in Sources */ = {isa = PBXBuildFile; fileRef = C29E8B3E2B6100EE00894D23 /* UserDefaultManager.swift */; };
		C2A75FF62B63B56E00541BE7 /* SnapKit in Frameworks */ = {isa = PBXBuildFile; productRef = C2A75FF52B63B56E00541BE7 /* SnapKit */; };
		C2A75FF82B63B56E00541BE7 /* SnapKit-Dynamic in Frameworks */ = {isa = PBXBuildFile; productRef = C2A75FF72B63B56E00541BE7 /* SnapKit-Dynamic */; };
		C2A971DB2B5E964600754A22 /* WebViewController.swift in Sources */ = {isa = PBXBuildFile; fileRef = C2A971DA2B5E964600754A22 /* WebViewController.swift */; };
		C2B0035C2B5CE76E00AA52F3 /* KeywordResultsTableViewCell.swift in Sources */ = {isa = PBXBuildFile; fileRef = C2B0035A2B5CE76E00AA52F3 /* KeywordResultsTableViewCell.swift */; };
		C2B0035D2B5CE76E00AA52F3 /* KeywordResultsTableViewCell.xib in Resources */ = {isa = PBXBuildFile; fileRef = C2B0035B2B5CE76E00AA52F3 /* KeywordResultsTableViewCell.xib */; };
		C2B003602B5CEE8500AA52F3 /* NoKeywordTableViewCell.swift in Sources */ = {isa = PBXBuildFile; fileRef = C2B0035E2B5CEE8500AA52F3 /* NoKeywordTableViewCell.swift */; };
		C2B003612B5CEE8500AA52F3 /* NoKeywordTableViewCell.xib in Resources */ = {isa = PBXBuildFile; fileRef = C2B0035F2B5CEE8500AA52F3 /* NoKeywordTableViewCell.xib */; };
		C2F9EFCE2B59378B00D0BBA1 /* OnboardingViewController.swift in Sources */ = {isa = PBXBuildFile; fileRef = C2F9EFCD2B59378B00D0BBA1 /* OnboardingViewController.swift */; };
		C2F9EFD12B59392400D0BBA1 /* UIFont.swift in Sources */ = {isa = PBXBuildFile; fileRef = C2F9EFD02B59392400D0BBA1 /* UIFont.swift */; };
		C2F9EFD32B59486500D0BBA1 /* NicknameViewController.swift in Sources */ = {isa = PBXBuildFile; fileRef = C2F9EFD22B59486500D0BBA1 /* NicknameViewController.swift */; };
		C2F9EFDA2B5A325200D0BBA1 /* Protocol.swift in Sources */ = {isa = PBXBuildFile; fileRef = C2F9EFD92B5A325200D0BBA1 /* Protocol.swift */; };
		C2F9EFDF2B5A43DF00D0BBA1 /* UIButton.swift in Sources */ = {isa = PBXBuildFile; fileRef = C2F9EFDE2B5A43DF00D0BBA1 /* UIButton.swift */; };
		C2F9EFE12B5A4BA100D0BBA1 /* SettingProfileViewController.swift in Sources */ = {isa = PBXBuildFile; fileRef = C2F9EFE02B5A4BA100D0BBA1 /* SettingProfileViewController.swift */; };
		C2F9EFE32B5AB25F00D0BBA1 /* MainViewController.swift in Sources */ = {isa = PBXBuildFile; fileRef = C2F9EFE22B5AB25F00D0BBA1 /* MainViewController.swift */; };
		C2F9EFEA2B5ABD7300D0BBA1 /* ProfileImgCollectionViewCell.swift in Sources */ = {isa = PBXBuildFile; fileRef = C2F9EFE82B5ABD7300D0BBA1 /* ProfileImgCollectionViewCell.swift */; };
		C2F9EFEB2B5ABD7300D0BBA1 /* ProfileImgCollectionViewCell.xib in Resources */ = {isa = PBXBuildFile; fileRef = C2F9EFE92B5ABD7300D0BBA1 /* ProfileImgCollectionViewCell.xib */; };
		C2F9EFF32B5ACD6800D0BBA1 /* SettingViewController.swift in Sources */ = {isa = PBXBuildFile; fileRef = C2F9EFF22B5ACD6800D0BBA1 /* SettingViewController.swift */; };
/* End PBXBuildFile section */

/* Begin PBXFileReference section */
		C20E7B112B788E0900542D26 /* UIColor.swift */ = {isa = PBXFileReference; lastKnownFileType = sourcecode.swift; path = UIColor.swift; sourceTree = "<group>"; };
		C20E7B132B788F7400542D26 /* UIView.swift */ = {isa = PBXFileReference; lastKnownFileType = sourcecode.swift; path = UIView.swift; sourceTree = "<group>"; };
		C20F83992B591CF4006B2463 /* SeSAC_Recap.app */ = {isa = PBXFileReference; explicitFileType = wrapper.application; includeInIndex = 0; path = SeSAC_Recap.app; sourceTree = BUILT_PRODUCTS_DIR; };
		C20F839C2B591CF4006B2463 /* AppDelegate.swift */ = {isa = PBXFileReference; lastKnownFileType = sourcecode.swift; path = AppDelegate.swift; sourceTree = "<group>"; };
		C20F839E2B591CF4006B2463 /* SceneDelegate.swift */ = {isa = PBXFileReference; lastKnownFileType = sourcecode.swift; path = SceneDelegate.swift; sourceTree = "<group>"; };
		C20F83A02B591CF4006B2463 /* ViewController.swift */ = {isa = PBXFileReference; lastKnownFileType = sourcecode.swift; path = ViewController.swift; sourceTree = "<group>"; };
		C20F83A32B591CF4006B2463 /* Base */ = {isa = PBXFileReference; lastKnownFileType = file.storyboard; name = Base; path = Base.lproj/Main.storyboard; sourceTree = "<group>"; };
		C20F83A52B591CF5006B2463 /* Assets.xcassets */ = {isa = PBXFileReference; lastKnownFileType = folder.assetcatalog; path = Assets.xcassets; sourceTree = "<group>"; };
		C20F83A82B591CF5006B2463 /* Base */ = {isa = PBXFileReference; lastKnownFileType = file.storyboard; name = Base; path = Base.lproj/LaunchScreen.storyboard; sourceTree = "<group>"; };
		C20F83AA2B591CF5006B2463 /* Info.plist */ = {isa = PBXFileReference; lastKnownFileType = text.plist.xml; path = Info.plist; sourceTree = "<group>"; };
		C25FC4482B5BCC69000D8F6E /* KeywordResultViewController.swift */ = {isa = PBXFileReference; lastKnownFileType = sourcecode.swift; path = KeywordResultViewController.swift; sourceTree = "<group>"; };
		C25FC44D2B5BD39B000D8F6E /* Keyword.swift */ = {isa = PBXFileReference; lastKnownFileType = sourcecode.swift; path = Keyword.swift; sourceTree = "<group>"; };
		C25FC44F2B5BD8F3000D8F6E /* ResultCollectionViewCell.swift */ = {isa = PBXFileReference; lastKnownFileType = sourcecode.swift; path = ResultCollectionViewCell.swift; sourceTree = "<group>"; };
		C25FC4502B5BD8F3000D8F6E /* ResultCollectionViewCell.xib */ = {isa = PBXFileReference; lastKnownFileType = file.xib; path = ResultCollectionViewCell.xib; sourceTree = "<group>"; };
		C25FC45C2B5BE0DF000D8F6E /* .gitignore */ = {isa = PBXFileReference; lastKnownFileType = text; path = .gitignore; sourceTree = "<group>"; };
		C25FC45E2B5BE120000D8F6E /* APIKey.swift */ = {isa = PBXFileReference; lastKnownFileType = sourcecode.swift; path = APIKey.swift; sourceTree = "<group>"; };
		C29E8B362B60E42700894D23 /* NicknameTableViewCell.swift */ = {isa = PBXFileReference; lastKnownFileType = sourcecode.swift; path = NicknameTableViewCell.swift; sourceTree = "<group>"; };
		C29E8B372B60E42700894D23 /* NicknameTableViewCell.xib */ = {isa = PBXFileReference; lastKnownFileType = file.xib; path = NicknameTableViewCell.xib; sourceTree = "<group>"; };
		C29E8B3A2B60E44500894D23 /* SettingTableViewCell.swift */ = {isa = PBXFileReference; lastKnownFileType = sourcecode.swift; path = SettingTableViewCell.swift; sourceTree = "<group>"; };
		C29E8B3B2B60E44500894D23 /* SettingTableViewCell.xib */ = {isa = PBXFileReference; lastKnownFileType = file.xib; path = SettingTableViewCell.xib; sourceTree = "<group>"; };
		C29E8B3E2B6100EE00894D23 /* UserDefaultManager.swift */ = {isa = PBXFileReference; lastKnownFileType = sourcecode.swift; path = UserDefaultManager.swift; sourceTree = "<group>"; };
		C2A971DA2B5E964600754A22 /* WebViewController.swift */ = {isa = PBXFileReference; lastKnownFileType = sourcecode.swift; path = WebViewController.swift; sourceTree = "<group>"; };
		C2B0035A2B5CE76E00AA52F3 /* KeywordResultsTableViewCell.swift */ = {isa = PBXFileReference; lastKnownFileType = sourcecode.swift; path = KeywordResultsTableViewCell.swift; sourceTree = "<group>"; };
		C2B0035B2B5CE76E00AA52F3 /* KeywordResultsTableViewCell.xib */ = {isa = PBXFileReference; lastKnownFileType = file.xib; path = KeywordResultsTableViewCell.xib; sourceTree = "<group>"; };
		C2B0035E2B5CEE8500AA52F3 /* NoKeywordTableViewCell.swift */ = {isa = PBXFileReference; lastKnownFileType = sourcecode.swift; path = NoKeywordTableViewCell.swift; sourceTree = "<group>"; };
		C2B0035F2B5CEE8500AA52F3 /* NoKeywordTableViewCell.xib */ = {isa = PBXFileReference; lastKnownFileType = file.xib; path = NoKeywordTableViewCell.xib; sourceTree = "<group>"; };
		C2F9EFCD2B59378B00D0BBA1 /* OnboardingViewController.swift */ = {isa = PBXFileReference; lastKnownFileType = sourcecode.swift; path = OnboardingViewController.swift; sourceTree = "<group>"; };
		C2F9EFD02B59392400D0BBA1 /* UIFont.swift */ = {isa = PBXFileReference; lastKnownFileType = sourcecode.swift; path = UIFont.swift; sourceTree = "<group>"; };
		C2F9EFD22B59486500D0BBA1 /* NicknameViewController.swift */ = {isa = PBXFileReference; lastKnownFileType = sourcecode.swift; path = NicknameViewController.swift; sourceTree = "<group>"; };
		C2F9EFD92B5A325200D0BBA1 /* Protocol.swift */ = {isa = PBXFileReference; lastKnownFileType = sourcecode.swift; path = Protocol.swift; sourceTree = "<group>"; };
		C2F9EFDE2B5A43DF00D0BBA1 /* UIButton.swift */ = {isa = PBXFileReference; lastKnownFileType = sourcecode.swift; path = UIButton.swift; sourceTree = "<group>"; };
		C2F9EFE02B5A4BA100D0BBA1 /* SettingProfileViewController.swift */ = {isa = PBXFileReference; lastKnownFileType = sourcecode.swift; path = SettingProfileViewController.swift; sourceTree = "<group>"; };
		C2F9EFE22B5AB25F00D0BBA1 /* MainViewController.swift */ = {isa = PBXFileReference; lastKnownFileType = sourcecode.swift; name = MainViewController.swift; path = SeSAC_Recap/MainView/MainViewController.swift; sourceTree = SOURCE_ROOT; };
		C2F9EFE82B5ABD7300D0BBA1 /* ProfileImgCollectionViewCell.swift */ = {isa = PBXFileReference; lastKnownFileType = sourcecode.swift; path = ProfileImgCollectionViewCell.swift; sourceTree = "<group>"; };
		C2F9EFE92B5ABD7300D0BBA1 /* ProfileImgCollectionViewCell.xib */ = {isa = PBXFileReference; lastKnownFileType = file.xib; path = ProfileImgCollectionViewCell.xib; sourceTree = "<group>"; };
		C2F9EFF22B5ACD6800D0BBA1 /* SettingViewController.swift */ = {isa = PBXFileReference; lastKnownFileType = sourcecode.swift; path = SettingViewController.swift; sourceTree = "<group>"; };
/* End PBXFileReference section */

/* Begin PBXFrameworksBuildPhase section */
		C20F83962B591CF4006B2463 /* Frameworks */ = {
			isa = PBXFrameworksBuildPhase;
			buildActionMask = 2147483647;
			files = (
				C2A75FF62B63B56E00541BE7 /* SnapKit in Frameworks */,
				C25FC4552B5BDE68000D8F6E /* Kingfisher in Frameworks */,
				C25FC44C2B5BD064000D8F6E /* Alamofire in Frameworks */,
				C2A75FF82B63B56E00541BE7 /* SnapKit-Dynamic in Frameworks */,
			);
			runOnlyForDeploymentPostprocessing = 0;
		};
/* End PBXFrameworksBuildPhase section */

/* Begin PBXGroup section */
		C20F83902B591CF4006B2463 = {
			isa = PBXGroup;
			children = (
				C25FC45E2B5BE120000D8F6E /* APIKey.swift */,
				C25FC45C2B5BE0DF000D8F6E /* .gitignore */,
				C20F839B2B591CF4006B2463 /* SeSAC_Recap */,
				C20F839A2B591CF4006B2463 /* Products */,
			);
			sourceTree = "<group>";
		};
		C20F839A2B591CF4006B2463 /* Products */ = {
			isa = PBXGroup;
			children = (
				C20F83992B591CF4006B2463 /* SeSAC_Recap.app */,
			);
			name = Products;
			sourceTree = "<group>";
		};
		C20F839B2B591CF4006B2463 /* SeSAC_Recap */ = {
			isa = PBXGroup;
			children = (
				C25FC44D2B5BD39B000D8F6E /* Keyword.swift */,
				C2F9EFEC2B5AC58200D0BBA1 /* Onboarding */,
				C2F9EFED2B5AC59700D0BBA1 /* Profile */,
				C2F9EFEF2B5AC5D300D0BBA1 /* MainView */,
				C2A971DD2B5EA71F00754A22 /* ResultCollection */,
				C2A971DF2B5EA86D00754A22 /* WebView */,
				C2F9EFF12B5ACD1D00D0BBA1 /* SettingView */,
				C2F9EFF02B5AC5EA00D0BBA1 /* Protocol */,
				C2F9EFCF2B5938DD00D0BBA1 /* Extension */,
				C20F839C2B591CF4006B2463 /* AppDelegate.swift */,
				C20F839E2B591CF4006B2463 /* SceneDelegate.swift */,
				C20F83A02B591CF4006B2463 /* ViewController.swift */,
				C20F83A22B591CF4006B2463 /* Main.storyboard */,
				C20F83A52B591CF5006B2463 /* Assets.xcassets */,
				C20F83A72B591CF5006B2463 /* LaunchScreen.storyboard */,
				C20F83AA2B591CF5006B2463 /* Info.plist */,
				C29E8B3E2B6100EE00894D23 /* UserDefaultManager.swift */,
			);
			path = SeSAC_Recap;
			sourceTree = "<group>";
		};
		C2A971DC2B5EA70500754A22 /* Cell */ = {
			isa = PBXGroup;
			children = (
				C2B0035A2B5CE76E00AA52F3 /* KeywordResultsTableViewCell.swift */,
				C2B0035B2B5CE76E00AA52F3 /* KeywordResultsTableViewCell.xib */,
				C2B0035E2B5CEE8500AA52F3 /* NoKeywordTableViewCell.swift */,
				C2B0035F2B5CEE8500AA52F3 /* NoKeywordTableViewCell.xib */,
			);
			path = Cell;
			sourceTree = "<group>";
		};
		C2A971DD2B5EA71F00754A22 /* ResultCollection */ = {
			isa = PBXGroup;
			children = (
				C25FC4482B5BCC69000D8F6E /* KeywordResultViewController.swift */,
				C2A971DE2B5EA80B00754A22 /* Cell */,
			);
			path = ResultCollection;
			sourceTree = "<group>";
		};
		C2A971DE2B5EA80B00754A22 /* Cell */ = {
			isa = PBXGroup;
			children = (
				C25FC44F2B5BD8F3000D8F6E /* ResultCollectionViewCell.swift */,
				C25FC4502B5BD8F3000D8F6E /* ResultCollectionViewCell.xib */,
			);
			path = Cell;
			sourceTree = "<group>";
		};
		C2A971DF2B5EA86D00754A22 /* WebView */ = {
			isa = PBXGroup;
			children = (
				C2A971DA2B5E964600754A22 /* WebViewController.swift */,
			);
			path = WebView;
			sourceTree = "<group>";
		};
		C2F9EFCF2B5938DD00D0BBA1 /* Extension */ = {
			isa = PBXGroup;
			children = (
				C2F9EFD02B59392400D0BBA1 /* UIFont.swift */,
				C2F9EFDE2B5A43DF00D0BBA1 /* UIButton.swift */,
				C20E7B112B788E0900542D26 /* UIColor.swift */,
				C20E7B132B788F7400542D26 /* UIView.swift */,
			);
			path = Extension;
			sourceTree = "<group>";
		};
		C2F9EFEC2B5AC58200D0BBA1 /* Onboarding */ = {
			isa = PBXGroup;
			children = (
				C2F9EFCD2B59378B00D0BBA1 /* OnboardingViewController.swift */,
			);
			path = Onboarding;
			sourceTree = "<group>";
		};
		C2F9EFED2B5AC59700D0BBA1 /* Profile */ = {
			isa = PBXGroup;
			children = (
				C2F9EFD22B59486500D0BBA1 /* NicknameViewController.swift */,
				C2F9EFE02B5A4BA100D0BBA1 /* SettingProfileViewController.swift */,
				C2F9EFEE2B5AC5B500D0BBA1 /* Cell */,
			);
			path = Profile;
			sourceTree = "<group>";
		};
		C2F9EFEE2B5AC5B500D0BBA1 /* Cell */ = {
			isa = PBXGroup;
			children = (
				C2F9EFE82B5ABD7300D0BBA1 /* ProfileImgCollectionViewCell.swift */,
				C2F9EFE92B5ABD7300D0BBA1 /* ProfileImgCollectionViewCell.xib */,
			);
			path = Cell;
			sourceTree = "<group>";
		};
		C2F9EFEF2B5AC5D300D0BBA1 /* MainView */ = {
			isa = PBXGroup;
			children = (
				C2F9EFE22B5AB25F00D0BBA1 /* MainViewController.swift */,
				C2A971DC2B5EA70500754A22 /* Cell */,
			);
			path = MainView;
			sourceTree = "<group>";
		};
		C2F9EFF02B5AC5EA00D0BBA1 /* Protocol */ = {
			isa = PBXGroup;
			children = (
				C2F9EFD92B5A325200D0BBA1 /* Protocol.swift */,
			);
			path = Protocol;
			sourceTree = "<group>";
		};
		C2F9EFF12B5ACD1D00D0BBA1 /* SettingView */ = {
			isa = PBXGroup;
			children = (
				C2F9EFF22B5ACD6800D0BBA1 /* SettingViewController.swift */,
				C29E8B362B60E42700894D23 /* NicknameTableViewCell.swift */,
				C29E8B372B60E42700894D23 /* NicknameTableViewCell.xib */,
				C29E8B3A2B60E44500894D23 /* SettingTableViewCell.swift */,
				C29E8B3B2B60E44500894D23 /* SettingTableViewCell.xib */,
			);
			path = SettingView;
			sourceTree = "<group>";
		};
/* End PBXGroup section */

/* Begin PBXNativeTarget section */
		C20F83982B591CF4006B2463 /* SeSAC_Recap */ = {
			isa = PBXNativeTarget;
			buildConfigurationList = C20F83AD2B591CF5006B2463 /* Build configuration list for PBXNativeTarget "SeSAC_Recap" */;
			buildPhases = (
				C20F83952B591CF4006B2463 /* Sources */,
				C20F83962B591CF4006B2463 /* Frameworks */,
				C20F83972B591CF4006B2463 /* Resources */,
			);
			buildRules = (
			);
			dependencies = (
			);
			name = SeSAC_Recap;
			packageProductDependencies = (
				C25FC44B2B5BD064000D8F6E /* Alamofire */,
				C25FC4542B5BDE68000D8F6E /* Kingfisher */,
				C2A75FF52B63B56E00541BE7 /* SnapKit */,
				C2A75FF72B63B56E00541BE7 /* SnapKit-Dynamic */,
			);
			productName = SeSAC_Recap;
			productReference = C20F83992B591CF4006B2463 /* SeSAC_Recap.app */;
			productType = "com.apple.product-type.application";
		};
/* End PBXNativeTarget section */

/* Begin PBXProject section */
		C20F83912B591CF4006B2463 /* Project object */ = {
			isa = PBXProject;
			attributes = {
				BuildIndependentTargetsInParallel = 1;
				LastSwiftUpdateCheck = 1510;
				LastUpgradeCheck = 1510;
				TargetAttributes = {
					C20F83982B591CF4006B2463 = {
						CreatedOnToolsVersion = 15.1;
					};
				};
			};
			buildConfigurationList = C20F83942B591CF4006B2463 /* Build configuration list for PBXProject "SeSAC_Recap" */;
			compatibilityVersion = "Xcode 14.0";
			developmentRegion = en;
			hasScannedForEncodings = 0;
			knownRegions = (
				en,
				Base,
			);
			mainGroup = C20F83902B591CF4006B2463;
			packageReferences = (
				C25FC44A2B5BD064000D8F6E /* XCRemoteSwiftPackageReference "Alamofire" */,
				C25FC4532B5BDE68000D8F6E /* XCRemoteSwiftPackageReference "Kingfisher" */,
				C2A75FF42B63B56E00541BE7 /* XCRemoteSwiftPackageReference "SnapKit" */,
			);
			productRefGroup = C20F839A2B591CF4006B2463 /* Products */;
			projectDirPath = "";
			projectRoot = "";
			targets = (
				C20F83982B591CF4006B2463 /* SeSAC_Recap */,
			);
		};
/* End PBXProject section */

/* Begin PBXResourcesBuildPhase section */
		C20F83972B591CF4006B2463 /* Resources */ = {
			isa = PBXResourcesBuildPhase;
			buildActionMask = 2147483647;
			files = (
				C29E8B392B60E42700894D23 /* NicknameTableViewCell.xib in Resources */,
				C2B003612B5CEE8500AA52F3 /* NoKeywordTableViewCell.xib in Resources */,
				C2F9EFEB2B5ABD7300D0BBA1 /* ProfileImgCollectionViewCell.xib in Resources */,
				C20F83A92B591CF5006B2463 /* LaunchScreen.storyboard in Resources */,
				C25FC4522B5BD8F3000D8F6E /* ResultCollectionViewCell.xib in Resources */,
				C2B0035D2B5CE76E00AA52F3 /* KeywordResultsTableViewCell.xib in Resources */,
				C20F83A62B591CF5006B2463 /* Assets.xcassets in Resources */,
				C25FC45D2B5BE0DF000D8F6E /* .gitignore in Resources */,
				C29E8B3D2B60E44500894D23 /* SettingTableViewCell.xib in Resources */,
				C20F83A42B591CF4006B2463 /* Main.storyboard in Resources */,
			);
			runOnlyForDeploymentPostprocessing = 0;
		};
/* End PBXResourcesBuildPhase section */

/* Begin PBXSourcesBuildPhase section */
		C20F83952B591CF4006B2463 /* Sources */ = {
			isa = PBXSourcesBuildPhase;
			buildActionMask = 2147483647;
			files = (
				C2A971DB2B5E964600754A22 /* WebViewController.swift in Sources */,
				C2F9EFE12B5A4BA100D0BBA1 /* SettingProfileViewController.swift in Sources */,
				C2B0035C2B5CE76E00AA52F3 /* KeywordResultsTableViewCell.swift in Sources */,
				C25FC4492B5BCC69000D8F6E /* KeywordResultViewController.swift in Sources */,
				C20F83A12B591CF4006B2463 /* ViewController.swift in Sources */,
				C20F839D2B591CF4006B2463 /* AppDelegate.swift in Sources */,
				C25FC4512B5BD8F3000D8F6E /* ResultCollectionViewCell.swift in Sources */,
				C2F9EFD12B59392400D0BBA1 /* UIFont.swift in Sources */,
				C2F9EFDA2B5A325200D0BBA1 /* Protocol.swift in Sources */,
				C29E8B3C2B60E44500894D23 /* SettingTableViewCell.swift in Sources */,
				C20E7B122B788E0900542D26 /* UIColor.swift in Sources */,
				C20F839F2B591CF4006B2463 /* SceneDelegate.swift in Sources */,
				C25FC44E2B5BD39B000D8F6E /* Keyword.swift in Sources */,
				C2B003602B5CEE8500AA52F3 /* NoKeywordTableViewCell.swift in Sources */,
				C2F9EFDF2B5A43DF00D0BBA1 /* UIButton.swift in Sources */,
				C25FC45F2B5BE120000D8F6E /* APIKey.swift in Sources */,
				C20E7B142B788F7400542D26 /* UIView.swift in Sources */,
				C2F9EFD32B59486500D0BBA1 /* NicknameViewController.swift in Sources */,
				C2F9EFCE2B59378B00D0BBA1 /* OnboardingViewController.swift in Sources */,
				C2F9EFE32B5AB25F00D0BBA1 /* MainViewController.swift in Sources */,
				C29E8B3F2B6100EE00894D23 /* UserDefaultManager.swift in Sources */,
				C2F9EFEA2B5ABD7300D0BBA1 /* ProfileImgCollectionViewCell.swift in Sources */,
				C2F9EFF32B5ACD6800D0BBA1 /* SettingViewController.swift in Sources */,
				C29E8B382B60E42700894D23 /* NicknameTableViewCell.swift in Sources */,
			);
			runOnlyForDeploymentPostprocessing = 0;
		};
/* End PBXSourcesBuildPhase section */

/* Begin PBXVariantGroup section */
		C20F83A22B591CF4006B2463 /* Main.storyboard */ = {
			isa = PBXVariantGroup;
			children = (
				C20F83A32B591CF4006B2463 /* Base */,
			);
			name = Main.storyboard;
			sourceTree = "<group>";
		};
		C20F83A72B591CF5006B2463 /* LaunchScreen.storyboard */ = {
			isa = PBXVariantGroup;
			children = (
				C20F83A82B591CF5006B2463 /* Base */,
			);
			name = LaunchScreen.storyboard;
			sourceTree = "<group>";
		};
/* End PBXVariantGroup section */

/* Begin XCBuildConfiguration section */
		C20F83AB2B591CF5006B2463 /* Debug */ = {
			isa = XCBuildConfiguration;
			buildSettings = {
				ALWAYS_SEARCH_USER_PATHS = NO;
				ASSETCATALOG_COMPILER_GENERATE_SWIFT_ASSET_SYMBOL_EXTENSIONS = YES;
				CLANG_ANALYZER_NONNULL = YES;
				CLANG_ANALYZER_NUMBER_OBJECT_CONVERSION = YES_AGGRESSIVE;
				CLANG_CXX_LANGUAGE_STANDARD = "gnu++20";
				CLANG_ENABLE_MODULES = YES;
				CLANG_ENABLE_OBJC_ARC = YES;
				CLANG_ENABLE_OBJC_WEAK = YES;
				CLANG_WARN_BLOCK_CAPTURE_AUTORELEASING = YES;
				CLANG_WARN_BOOL_CONVERSION = YES;
				CLANG_WARN_COMMA = YES;
				CLANG_WARN_CONSTANT_CONVERSION = YES;
				CLANG_WARN_DEPRECATED_OBJC_IMPLEMENTATIONS = YES;
				CLANG_WARN_DIRECT_OBJC_ISA_USAGE = YES_ERROR;
				CLANG_WARN_DOCUMENTATION_COMMENTS = YES;
				CLANG_WARN_EMPTY_BODY = YES;
				CLANG_WARN_ENUM_CONVERSION = YES;
				CLANG_WARN_INFINITE_RECURSION = YES;
				CLANG_WARN_INT_CONVERSION = YES;
				CLANG_WARN_NON_LITERAL_NULL_CONVERSION = YES;
				CLANG_WARN_OBJC_IMPLICIT_RETAIN_SELF = YES;
				CLANG_WARN_OBJC_LITERAL_CONVERSION = YES;
				CLANG_WARN_OBJC_ROOT_CLASS = YES_ERROR;
				CLANG_WARN_QUOTED_INCLUDE_IN_FRAMEWORK_HEADER = YES;
				CLANG_WARN_RANGE_LOOP_ANALYSIS = YES;
				CLANG_WARN_STRICT_PROTOTYPES = YES;
				CLANG_WARN_SUSPICIOUS_MOVE = YES;
				CLANG_WARN_UNGUARDED_AVAILABILITY = YES_AGGRESSIVE;
				CLANG_WARN_UNREACHABLE_CODE = YES;
				CLANG_WARN__DUPLICATE_METHOD_MATCH = YES;
				COPY_PHASE_STRIP = NO;
				DEBUG_INFORMATION_FORMAT = dwarf;
				ENABLE_STRICT_OBJC_MSGSEND = YES;
				ENABLE_TESTABILITY = YES;
				ENABLE_USER_SCRIPT_SANDBOXING = YES;
				GCC_C_LANGUAGE_STANDARD = gnu17;
				GCC_DYNAMIC_NO_PIC = NO;
				GCC_NO_COMMON_BLOCKS = YES;
				GCC_OPTIMIZATION_LEVEL = 0;
				GCC_PREPROCESSOR_DEFINITIONS = (
					"DEBUG=1",
					"$(inherited)",
				);
				GCC_WARN_64_TO_32_BIT_CONVERSION = YES;
				GCC_WARN_ABOUT_RETURN_TYPE = YES_ERROR;
				GCC_WARN_UNDECLARED_SELECTOR = YES;
				GCC_WARN_UNINITIALIZED_AUTOS = YES_AGGRESSIVE;
				GCC_WARN_UNUSED_FUNCTION = YES;
				GCC_WARN_UNUSED_VARIABLE = YES;
				IPHONEOS_DEPLOYMENT_TARGET = 17.2;
				LOCALIZATION_PREFERS_STRING_CATALOGS = YES;
				MTL_ENABLE_DEBUG_INFO = INCLUDE_SOURCE;
				MTL_FAST_MATH = YES;
				ONLY_ACTIVE_ARCH = YES;
				SDKROOT = iphoneos;
				SWIFT_ACTIVE_COMPILATION_CONDITIONS = "DEBUG $(inherited)";
				SWIFT_OPTIMIZATION_LEVEL = "-Onone";
			};
			name = Debug;
		};
		C20F83AC2B591CF5006B2463 /* Release */ = {
			isa = XCBuildConfiguration;
			buildSettings = {
				ALWAYS_SEARCH_USER_PATHS = NO;
				ASSETCATALOG_COMPILER_GENERATE_SWIFT_ASSET_SYMBOL_EXTENSIONS = YES;
				CLANG_ANALYZER_NONNULL = YES;
				CLANG_ANALYZER_NUMBER_OBJECT_CONVERSION = YES_AGGRESSIVE;
				CLANG_CXX_LANGUAGE_STANDARD = "gnu++20";
				CLANG_ENABLE_MODULES = YES;
				CLANG_ENABLE_OBJC_ARC = YES;
				CLANG_ENABLE_OBJC_WEAK = YES;
				CLANG_WARN_BLOCK_CAPTURE_AUTORELEASING = YES;
				CLANG_WARN_BOOL_CONVERSION = YES;
				CLANG_WARN_COMMA = YES;
				CLANG_WARN_CONSTANT_CONVERSION = YES;
				CLANG_WARN_DEPRECATED_OBJC_IMPLEMENTATIONS = YES;
				CLANG_WARN_DIRECT_OBJC_ISA_USAGE = YES_ERROR;
				CLANG_WARN_DOCUMENTATION_COMMENTS = YES;
				CLANG_WARN_EMPTY_BODY = YES;
				CLANG_WARN_ENUM_CONVERSION = YES;
				CLANG_WARN_INFINITE_RECURSION = YES;
				CLANG_WARN_INT_CONVERSION = YES;
				CLANG_WARN_NON_LITERAL_NULL_CONVERSION = YES;
				CLANG_WARN_OBJC_IMPLICIT_RETAIN_SELF = YES;
				CLANG_WARN_OBJC_LITERAL_CONVERSION = YES;
				CLANG_WARN_OBJC_ROOT_CLASS = YES_ERROR;
				CLANG_WARN_QUOTED_INCLUDE_IN_FRAMEWORK_HEADER = YES;
				CLANG_WARN_RANGE_LOOP_ANALYSIS = YES;
				CLANG_WARN_STRICT_PROTOTYPES = YES;
				CLANG_WARN_SUSPICIOUS_MOVE = YES;
				CLANG_WARN_UNGUARDED_AVAILABILITY = YES_AGGRESSIVE;
				CLANG_WARN_UNREACHABLE_CODE = YES;
				CLANG_WARN__DUPLICATE_METHOD_MATCH = YES;
				COPY_PHASE_STRIP = NO;
				DEBUG_INFORMATION_FORMAT = "dwarf-with-dsym";
				ENABLE_NS_ASSERTIONS = NO;
				ENABLE_STRICT_OBJC_MSGSEND = YES;
				ENABLE_USER_SCRIPT_SANDBOXING = YES;
				GCC_C_LANGUAGE_STANDARD = gnu17;
				GCC_NO_COMMON_BLOCKS = YES;
				GCC_WARN_64_TO_32_BIT_CONVERSION = YES;
				GCC_WARN_ABOUT_RETURN_TYPE = YES_ERROR;
				GCC_WARN_UNDECLARED_SELECTOR = YES;
				GCC_WARN_UNINITIALIZED_AUTOS = YES_AGGRESSIVE;
				GCC_WARN_UNUSED_FUNCTION = YES;
				GCC_WARN_UNUSED_VARIABLE = YES;
				IPHONEOS_DEPLOYMENT_TARGET = 17.2;
				LOCALIZATION_PREFERS_STRING_CATALOGS = YES;
				MTL_ENABLE_DEBUG_INFO = NO;
				MTL_FAST_MATH = YES;
				SDKROOT = iphoneos;
				SWIFT_COMPILATION_MODE = wholemodule;
				VALIDATE_PRODUCT = YES;
			};
			name = Release;
		};
		C20F83AE2B591CF5006B2463 /* Debug */ = {
			isa = XCBuildConfiguration;
			buildSettings = {
				ASSETCATALOG_COMPILER_APPICON_NAME = AppIcon;
				ASSETCATALOG_COMPILER_GLOBAL_ACCENT_COLOR_NAME = AccentColor;
				CODE_SIGN_STYLE = Automatic;
				CURRENT_PROJECT_VERSION = 1;
				DEVELOPMENT_TEAM = 8HG96SSK4A;
				GENERATE_INFOPLIST_FILE = YES;
				INFOPLIST_FILE = SeSAC_Recap/Info.plist;
				INFOPLIST_KEY_CFBundleDisplayName = "박지은";
				INFOPLIST_KEY_UIApplicationSupportsIndirectInputEvents = YES;
				INFOPLIST_KEY_UILaunchStoryboardName = LaunchScreen;
				INFOPLIST_KEY_UIMainStoryboardFile = Main;
				INFOPLIST_KEY_UISupportedInterfaceOrientations_iPad = "UIInterfaceOrientationPortrait UIInterfaceOrientationPortraitUpsideDown UIInterfaceOrientationLandscapeLeft UIInterfaceOrientationLandscapeRight";
				INFOPLIST_KEY_UISupportedInterfaceOrientations_iPhone = "UIInterfaceOrientationPortrait UIInterfaceOrientationLandscapeLeft UIInterfaceOrientationLandscapeRight";
				LD_RUNPATH_SEARCH_PATHS = (
					"$(inherited)",
					"@executable_path/Frameworks",
				);
				MARKETING_VERSION = 1.0;
				PRODUCT_BUNDLE_IDENTIFIER = "com.cyndi.SeSAC-Recap";
				PRODUCT_NAME = "$(TARGET_NAME)";
				SWIFT_EMIT_LOC_STRINGS = YES;
				SWIFT_VERSION = 5.0;
				TARGETED_DEVICE_FAMILY = "1,2";
			};
			name = Debug;
		};
		C20F83AF2B591CF5006B2463 /* Release */ = {
			isa = XCBuildConfiguration;
			buildSettings = {
				ASSETCATALOG_COMPILER_APPICON_NAME = AppIcon;
				ASSETCATALOG_COMPILER_GLOBAL_ACCENT_COLOR_NAME = AccentColor;
				CODE_SIGN_STYLE = Automatic;
				CURRENT_PROJECT_VERSION = 1;
				DEVELOPMENT_TEAM = 8HG96SSK4A;
				GENERATE_INFOPLIST_FILE = YES;
				INFOPLIST_FILE = SeSAC_Recap/Info.plist;
				INFOPLIST_KEY_CFBundleDisplayName = "박지은";
				INFOPLIST_KEY_UIApplicationSupportsIndirectInputEvents = YES;
				INFOPLIST_KEY_UILaunchStoryboardName = LaunchScreen;
				INFOPLIST_KEY_UIMainStoryboardFile = Main;
				INFOPLIST_KEY_UISupportedInterfaceOrientations_iPad = "UIInterfaceOrientationPortrait UIInterfaceOrientationPortraitUpsideDown UIInterfaceOrientationLandscapeLeft UIInterfaceOrientationLandscapeRight";
				INFOPLIST_KEY_UISupportedInterfaceOrientations_iPhone = "UIInterfaceOrientationPortrait UIInterfaceOrientationLandscapeLeft UIInterfaceOrientationLandscapeRight";
				LD_RUNPATH_SEARCH_PATHS = (
					"$(inherited)",
					"@executable_path/Frameworks",
				);
				MARKETING_VERSION = 1.0;
				PRODUCT_BUNDLE_IDENTIFIER = "com.cyndi.SeSAC-Recap";
				PRODUCT_NAME = "$(TARGET_NAME)";
				SWIFT_EMIT_LOC_STRINGS = YES;
				SWIFT_VERSION = 5.0;
				TARGETED_DEVICE_FAMILY = "1,2";
			};
			name = Release;
		};
/* End XCBuildConfiguration section */

/* Begin XCConfigurationList section */
		C20F83942B591CF4006B2463 /* Build configuration list for PBXProject "SeSAC_Recap" */ = {
			isa = XCConfigurationList;
			buildConfigurations = (
				C20F83AB2B591CF5006B2463 /* Debug */,
				C20F83AC2B591CF5006B2463 /* Release */,
			);
			defaultConfigurationIsVisible = 0;
			defaultConfigurationName = Release;
		};
		C20F83AD2B591CF5006B2463 /* Build configuration list for PBXNativeTarget "SeSAC_Recap" */ = {
			isa = XCConfigurationList;
			buildConfigurations = (
				C20F83AE2B591CF5006B2463 /* Debug */,
				C20F83AF2B591CF5006B2463 /* Release */,
			);
			defaultConfigurationIsVisible = 0;
			defaultConfigurationName = Release;
		};
/* End XCConfigurationList section */

/* Begin XCRemoteSwiftPackageReference section */
		C25FC44A2B5BD064000D8F6E /* XCRemoteSwiftPackageReference "Alamofire" */ = {
			isa = XCRemoteSwiftPackageReference;
			repositoryURL = "https://github.com/Alamofire/Alamofire";
			requirement = {
				kind = upToNextMajorVersion;
				minimumVersion = 5.8.1;
			};
		};
		C25FC4532B5BDE68000D8F6E /* XCRemoteSwiftPackageReference "Kingfisher" */ = {
			isa = XCRemoteSwiftPackageReference;
			repositoryURL = "https://github.com/onevcat/Kingfisher";
			requirement = {
				kind = upToNextMajorVersion;
				minimumVersion = 7.10.2;
			};
		};
		C2A75FF42B63B56E00541BE7 /* XCRemoteSwiftPackageReference "SnapKit" */ = {
			isa = XCRemoteSwiftPackageReference;
			repositoryURL = "https://github.com/SnapKit/SnapKit.git";
			requirement = {
				kind = upToNextMajorVersion;
				minimumVersion = 5.7.0;
			};
		};
/* End XCRemoteSwiftPackageReference section */

/* Begin XCSwiftPackageProductDependency section */
		C25FC44B2B5BD064000D8F6E /* Alamofire */ = {
			isa = XCSwiftPackageProductDependency;
			package = C25FC44A2B5BD064000D8F6E /* XCRemoteSwiftPackageReference "Alamofire" */;
			productName = Alamofire;
		};
		C25FC4542B5BDE68000D8F6E /* Kingfisher */ = {
			isa = XCSwiftPackageProductDependency;
			package = C25FC4532B5BDE68000D8F6E /* XCRemoteSwiftPackageReference "Kingfisher" */;
			productName = Kingfisher;
		};
		C2A75FF52B63B56E00541BE7 /* SnapKit */ = {
			isa = XCSwiftPackageProductDependency;
			package = C2A75FF42B63B56E00541BE7 /* XCRemoteSwiftPackageReference "SnapKit" */;
			productName = SnapKit;
		};
		C2A75FF72B63B56E00541BE7 /* SnapKit-Dynamic */ = {
			isa = XCSwiftPackageProductDependency;
			package = C2A75FF42B63B56E00541BE7 /* XCRemoteSwiftPackageReference "SnapKit" */;
			productName = "SnapKit-Dynamic";
		};
/* End XCSwiftPackageProductDependency section */
	};
	rootObject = C20F83912B591CF4006B2463 /* Project object */;
}
