// !$*UTF8*$!
{
	archiveVersion = 1;
	classes = {
	};
	objectVersion = 56;
	objects = {

/* Begin PBXBuildFile section */
		C20F839D2B591CF4006B2463 /* AppDelegate.swift in Sources */ = {isa = PBXBuildFile; fileRef = C20F839C2B591CF4006B2463 /* AppDelegate.swift */; };
		C20F839F2B591CF4006B2463 /* SceneDelegate.swift in Sources */ = {isa = PBXBuildFile; fileRef = C20F839E2B591CF4006B2463 /* SceneDelegate.swift */; };
		C20F83A12B591CF4006B2463 /* ViewController.swift in Sources */ = {isa = PBXBuildFile; fileRef = C20F83A02B591CF4006B2463 /* ViewController.swift */; };
		C20F83A42B591CF4006B2463 /* Main.storyboard in Resources */ = {isa = PBXBuildFile; fileRef = C20F83A22B591CF4006B2463 /* Main.storyboard */; };
		C20F83A62B591CF5006B2463 /* Assets.xcassets in Resources */ = {isa = PBXBuildFile; fileRef = C20F83A52B591CF5006B2463 /* Assets.xcassets */; };
		C20F83A92B591CF5006B2463 /* LaunchScreen.storyboard in Resources */ = {isa = PBXBuildFile; fileRef = C20F83A72B591CF5006B2463 /* LaunchScreen.storyboard */; };
		C2F9EFCE2B59378B00D0BBA1 /* OnboardingViewController.swift in Sources */ = {isa = PBXBuildFile; fileRef = C2F9EFCD2B59378B00D0BBA1 /* OnboardingViewController.swift */; };
		C2F9EFD12B59392400D0BBA1 /* UIViewControllerExtension.swift in Sources */ = {isa = PBXBuildFile; fileRef = C2F9EFD02B59392400D0BBA1 /* UIViewControllerExtension.swift */; };
		C2F9EFD32B59486500D0BBA1 /* NicknameViewController.swift in Sources */ = {isa = PBXBuildFile; fileRef = C2F9EFD22B59486500D0BBA1 /* NicknameViewController.swift */; };
		C2F9EFDA2B5A325200D0BBA1 /* Protocol.swift in Sources */ = {isa = PBXBuildFile; fileRef = C2F9EFD92B5A325200D0BBA1 /* Protocol.swift */; };
		C2F9EFDF2B5A43DF00D0BBA1 /* UIButton.swift in Sources */ = {isa = PBXBuildFile; fileRef = C2F9EFDE2B5A43DF00D0BBA1 /* UIButton.swift */; };
		C2F9EFE12B5A4BA100D0BBA1 /* SettingProfileViewController.swift in Sources */ = {isa = PBXBuildFile; fileRef = C2F9EFE02B5A4BA100D0BBA1 /* SettingProfileViewController.swift */; };
		C2F9EFE32B5AB25F00D0BBA1 /* MainViewController.swift in Sources */ = {isa = PBXBuildFile; fileRef = C2F9EFE22B5AB25F00D0BBA1 /* MainViewController.swift */; };
/* End PBXBuildFile section */

/* Begin PBXFileReference section */
		C20F83992B591CF4006B2463 /* SeSAC_Recap.app */ = {isa = PBXFileReference; explicitFileType = wrapper.application; includeInIndex = 0; path = SeSAC_Recap.app; sourceTree = BUILT_PRODUCTS_DIR; };
		C20F839C2B591CF4006B2463 /* AppDelegate.swift */ = {isa = PBXFileReference; lastKnownFileType = sourcecode.swift; path = AppDelegate.swift; sourceTree = "<group>"; };
		C20F839E2B591CF4006B2463 /* SceneDelegate.swift */ = {isa = PBXFileReference; lastKnownFileType = sourcecode.swift; path = SceneDelegate.swift; sourceTree = "<group>"; };
		C20F83A02B591CF4006B2463 /* ViewController.swift */ = {isa = PBXFileReference; lastKnownFileType = sourcecode.swift; path = ViewController.swift; sourceTree = "<group>"; };
		C20F83A32B591CF4006B2463 /* Base */ = {isa = PBXFileReference; lastKnownFileType = file.storyboard; name = Base; path = Base.lproj/Main.storyboard; sourceTree = "<group>"; };
		C20F83A52B591CF5006B2463 /* Assets.xcassets */ = {isa = PBXFileReference; lastKnownFileType = folder.assetcatalog; path = Assets.xcassets; sourceTree = "<group>"; };
		C20F83A82B591CF5006B2463 /* Base */ = {isa = PBXFileReference; lastKnownFileType = file.storyboard; name = Base; path = Base.lproj/LaunchScreen.storyboard; sourceTree = "<group>"; };
		C20F83AA2B591CF5006B2463 /* Info.plist */ = {isa = PBXFileReference; lastKnownFileType = text.plist.xml; path = Info.plist; sourceTree = "<group>"; };
		C2F9EFCD2B59378B00D0BBA1 /* OnboardingViewController.swift */ = {isa = PBXFileReference; lastKnownFileType = sourcecode.swift; path = OnboardingViewController.swift; sourceTree = "<group>"; };
		C2F9EFD02B59392400D0BBA1 /* UIViewControllerExtension.swift */ = {isa = PBXFileReference; lastKnownFileType = sourcecode.swift; path = UIViewControllerExtension.swift; sourceTree = "<group>"; };
		C2F9EFD22B59486500D0BBA1 /* NicknameViewController.swift */ = {isa = PBXFileReference; lastKnownFileType = sourcecode.swift; path = NicknameViewController.swift; sourceTree = "<group>"; };
		C2F9EFD92B5A325200D0BBA1 /* Protocol.swift */ = {isa = PBXFileReference; lastKnownFileType = sourcecode.swift; path = Protocol.swift; sourceTree = "<group>"; };
		C2F9EFDE2B5A43DF00D0BBA1 /* UIButton.swift */ = {isa = PBXFileReference; lastKnownFileType = sourcecode.swift; path = UIButton.swift; sourceTree = "<group>"; };
		C2F9EFE02B5A4BA100D0BBA1 /* SettingProfileViewController.swift */ = {isa = PBXFileReference; lastKnownFileType = sourcecode.swift; path = SettingProfileViewController.swift; sourceTree = "<group>"; };
		C2F9EFE22B5AB25F00D0BBA1 /* MainViewController.swift */ = {isa = PBXFileReference; lastKnownFileType = sourcecode.swift; name = MainViewController.swift; path = SeSAC_Recap/MainViewController.swift; sourceTree = SOURCE_ROOT; };
/* End PBXFileReference section */

/* Begin PBXFrameworksBuildPhase section */
		C20F83962B591CF4006B2463 /* Frameworks */ = {
			isa = PBXFrameworksBuildPhase;
			buildActionMask = 2147483647;
			files = (
			);
			runOnlyForDeploymentPostprocessing = 0;
		};
/* End PBXFrameworksBuildPhase section */

/* Begin PBXGroup section */
		C20F83902B591CF4006B2463 = {
			isa = PBXGroup;
			children = (
				C20F839B2B591CF4006B2463 /* SeSAC_Recap */,
				C20F839A2B591CF4006B2463 /* Products */,
			);
			sourceTree = "<group>";
		};
		C20F839A2B591CF4006B2463 /* Products */ = {
			isa = PBXGroup;
			children = (
				C20F83992B591CF4006B2463 /* SeSAC_Recap.app */,
			);
			name = Products;
			sourceTree = "<group>";
		};
		C20F839B2B591CF4006B2463 /* SeSAC_Recap */ = {
			isa = PBXGroup;
			children = (
				C2F9EFCF2B5938DD00D0BBA1 /* Extension */,
				C20F839C2B591CF4006B2463 /* AppDelegate.swift */,
				C20F839E2B591CF4006B2463 /* SceneDelegate.swift */,
				C20F83A02B591CF4006B2463 /* ViewController.swift */,
				C20F83A22B591CF4006B2463 /* Main.storyboard */,
				C20F83A52B591CF5006B2463 /* Assets.xcassets */,
				C20F83A72B591CF5006B2463 /* LaunchScreen.storyboard */,
				C20F83AA2B591CF5006B2463 /* Info.plist */,
				C2F9EFCD2B59378B00D0BBA1 /* OnboardingViewController.swift */,
				C2F9EFD22B59486500D0BBA1 /* NicknameViewController.swift */,
				C2F9EFD92B5A325200D0BBA1 /* Protocol.swift */,
				C2F9EFE02B5A4BA100D0BBA1 /* SettingProfileViewController.swift */,
				C2F9EFE22B5AB25F00D0BBA1 /* MainViewController.swift */,
			);
			path = SeSAC_Recap;
			sourceTree = "<group>";
		};
		C2F9EFCF2B5938DD00D0BBA1 /* Extension */ = {
			isa = PBXGroup;
			children = (
				C2F9EFD02B59392400D0BBA1 /* UIViewControllerExtension.swift */,
				C2F9EFDE2B5A43DF00D0BBA1 /* UIButton.swift */,
			);
			path = Extension;
			sourceTree = "<group>";
		};
/* End PBXGroup section */

/* Begin PBXNativeTarget section */
		C20F83982B591CF4006B2463 /* SeSAC_Recap */ = {
			isa = PBXNativeTarget;
			buildConfigurationList = C20F83AD2B591CF5006B2463 /* Build configuration list for PBXNativeTarget "SeSAC_Recap" */;
			buildPhases = (
				C20F83952B591CF4006B2463 /* Sources */,
				C20F83962B591CF4006B2463 /* Frameworks */,
				C20F83972B591CF4006B2463 /* Resources */,
			);
			buildRules = (
			);
			dependencies = (
			);
			name = SeSAC_Recap;
			packageProductDependencies = (
			);
			productName = SeSAC_Recap;
			productReference = C20F83992B591CF4006B2463 /* SeSAC_Recap.app */;
			productType = "com.apple.product-type.application";
		};
/* End PBXNativeTarget section */

/* Begin PBXProject section */
		C20F83912B591CF4006B2463 /* Project object */ = {
			isa = PBXProject;
			attributes = {
				BuildIndependentTargetsInParallel = 1;
				LastSwiftUpdateCheck = 1510;
				LastUpgradeCheck = 1510;
				TargetAttributes = {
					C20F83982B591CF4006B2463 = {
						CreatedOnToolsVersion = 15.1;
					};
				};
			};
			buildConfigurationList = C20F83942B591CF4006B2463 /* Build configuration list for PBXProject "SeSAC_Recap" */;
			compatibilityVersion = "Xcode 14.0";
			developmentRegion = en;
			hasScannedForEncodings = 0;
			knownRegions = (
				en,
				Base,
			);
			mainGroup = C20F83902B591CF4006B2463;
			packageReferences = (
			);
			productRefGroup = C20F839A2B591CF4006B2463 /* Products */;
			projectDirPath = "";
			projectRoot = "";
			targets = (
				C20F83982B591CF4006B2463 /* SeSAC_Recap */,
			);
		};
/* End PBXProject section */

/* Begin PBXResourcesBuildPhase section */
		C20F83972B591CF4006B2463 /* Resources */ = {
			isa = PBXResourcesBuildPhase;
			buildActionMask = 2147483647;
			files = (
				C20F83A92B591CF5006B2463 /* LaunchScreen.storyboard in Resources */,
				C20F83A62B591CF5006B2463 /* Assets.xcassets in Resources */,
				C20F83A42B591CF4006B2463 /* Main.storyboard in Resources */,
			);
			runOnlyForDeploymentPostprocessing = 0;
		};
/* End PBXResourcesBuildPhase section */

/* Begin PBXSourcesBuildPhase section */
		C20F83952B591CF4006B2463 /* Sources */ = {
			isa = PBXSourcesBuildPhase;
			buildActionMask = 2147483647;
			files = (
				C2F9EFE12B5A4BA100D0BBA1 /* SettingProfileViewController.swift in Sources */,
				C20F83A12B591CF4006B2463 /* ViewController.swift in Sources */,
				C20F839D2B591CF4006B2463 /* AppDelegate.swift in Sources */,
				C2F9EFD12B59392400D0BBA1 /* UIViewControllerExtension.swift in Sources */,
				C2F9EFDA2B5A325200D0BBA1 /* Protocol.swift in Sources */,
				C20F839F2B591CF4006B2463 /* SceneDelegate.swift in Sources */,
				C2F9EFDF2B5A43DF00D0BBA1 /* UIButton.swift in Sources */,
				C2F9EFD32B59486500D0BBA1 /* NicknameViewController.swift in Sources */,
				C2F9EFCE2B59378B00D0BBA1 /* OnboardingViewController.swift in Sources */,
				C2F9EFE32B5AB25F00D0BBA1 /* MainViewController.swift in Sources */,
			);
			runOnlyForDeploymentPostprocessing = 0;
		};
/* End PBXSourcesBuildPhase section */

/* Begin PBXVariantGroup section */
		C20F83A22B591CF4006B2463 /* Main.storyboard */ = {
			isa = PBXVariantGroup;
			children = (
				C20F83A32B591CF4006B2463 /* Base */,
			);
			name = Main.storyboard;
			sourceTree = "<group>";
		};
		C20F83A72B591CF5006B2463 /* LaunchScreen.storyboard */ = {
			isa = PBXVariantGroup;
			children = (
				C20F83A82B591CF5006B2463 /* Base */,
			);
			name = LaunchScreen.storyboard;
			sourceTree = "<group>";
		};
/* End PBXVariantGroup section */

/* Begin XCBuildConfiguration section */
		C20F83AB2B591CF5006B2463 /* Debug */ = {
			isa = XCBuildConfiguration;
			buildSettings = {
				ALWAYS_SEARCH_USER_PATHS = NO;
				ASSETCATALOG_COMPILER_GENERATE_SWIFT_ASSET_SYMBOL_EXTENSIONS = YES;
				CLANG_ANALYZER_NONNULL = YES;
				CLANG_ANALYZER_NUMBER_OBJECT_CONVERSION = YES_AGGRESSIVE;
				CLANG_CXX_LANGUAGE_STANDARD = "gnu++20";
				CLANG_ENABLE_MODULES = YES;
				CLANG_ENABLE_OBJC_ARC = YES;
				CLANG_ENABLE_OBJC_WEAK = YES;
				CLANG_WARN_BLOCK_CAPTURE_AUTORELEASING = YES;
				CLANG_WARN_BOOL_CONVERSION = YES;
				CLANG_WARN_COMMA = YES;
				CLANG_WARN_CONSTANT_CONVERSION = YES;
				CLANG_WARN_DEPRECATED_OBJC_IMPLEMENTATIONS = YES;
				CLANG_WARN_DIRECT_OBJC_ISA_USAGE = YES_ERROR;
				CLANG_WARN_DOCUMENTATION_COMMENTS = YES;
				CLANG_WARN_EMPTY_BODY = YES;
				CLANG_WARN_ENUM_CONVERSION = YES;
				CLANG_WARN_INFINITE_RECURSION = YES;
				CLANG_WARN_INT_CONVERSION = YES;
				CLANG_WARN_NON_LITERAL_NULL_CONVERSION = YES;
				CLANG_WARN_OBJC_IMPLICIT_RETAIN_SELF = YES;
				CLANG_WARN_OBJC_LITERAL_CONVERSION = YES;
				CLANG_WARN_OBJC_ROOT_CLASS = YES_ERROR;
				CLANG_WARN_QUOTED_INCLUDE_IN_FRAMEWORK_HEADER = YES;
				CLANG_WARN_RANGE_LOOP_ANALYSIS = YES;
				CLANG_WARN_STRICT_PROTOTYPES = YES;
				CLANG_WARN_SUSPICIOUS_MOVE = YES;
				CLANG_WARN_UNGUARDED_AVAILABILITY = YES_AGGRESSIVE;
				CLANG_WARN_UNREACHABLE_CODE = YES;
				CLANG_WARN__DUPLICATE_METHOD_MATCH = YES;
				COPY_PHASE_STRIP = NO;
				DEBUG_INFORMATION_FORMAT = dwarf;
				ENABLE_STRICT_OBJC_MSGSEND = YES;
				ENABLE_TESTABILITY = YES;
				ENABLE_USER_SCRIPT_SANDBOXING = YES;
				GCC_C_LANGUAGE_STANDARD = gnu17;
				GCC_DYNAMIC_NO_PIC = NO;
				GCC_NO_COMMON_BLOCKS = YES;
				GCC_OPTIMIZATION_LEVEL = 0;
				GCC_PREPROCESSOR_DEFINITIONS = (
					"DEBUG=1",
					"$(inherited)",
				);
				GCC_WARN_64_TO_32_BIT_CONVERSION = YES;
				GCC_WARN_ABOUT_RETURN_TYPE = YES_ERROR;
				GCC_WARN_UNDECLARED_SELECTOR = YES;
				GCC_WARN_UNINITIALIZED_AUTOS = YES_AGGRESSIVE;
				GCC_WARN_UNUSED_FUNCTION = YES;
				GCC_WARN_UNUSED_VARIABLE = YES;
				IPHONEOS_DEPLOYMENT_TARGET = 17.2;
				LOCALIZATION_PREFERS_STRING_CATALOGS = YES;
				MTL_ENABLE_DEBUG_INFO = INCLUDE_SOURCE;
				MTL_FAST_MATH = YES;
				ONLY_ACTIVE_ARCH = YES;
				SDKROOT = iphoneos;
				SWIFT_ACTIVE_COMPILATION_CONDITIONS = "DEBUG $(inherited)";
				SWIFT_OPTIMIZATION_LEVEL = "-Onone";
			};
			name = Debug;
		};
		C20F83AC2B591CF5006B2463 /* Release */ = {
			isa = XCBuildConfiguration;
			buildSettings = {
				ALWAYS_SEARCH_USER_PATHS = NO;
				ASSETCATALOG_COMPILER_GENERATE_SWIFT_ASSET_SYMBOL_EXTENSIONS = YES;
				CLANG_ANALYZER_NONNULL = YES;
				CLANG_ANALYZER_NUMBER_OBJECT_CONVERSION = YES_AGGRESSIVE;
				CLANG_CXX_LANGUAGE_STANDARD = "gnu++20";
				CLANG_ENABLE_MODULES = YES;
				CLANG_ENABLE_OBJC_ARC = YES;
				CLANG_ENABLE_OBJC_WEAK = YES;
				CLANG_WARN_BLOCK_CAPTURE_AUTORELEASING = YES;
				CLANG_WARN_BOOL_CONVERSION = YES;
				CLANG_WARN_COMMA = YES;
				CLANG_WARN_CONSTANT_CONVERSION = YES;
				CLANG_WARN_DEPRECATED_OBJC_IMPLEMENTATIONS = YES;
				CLANG_WARN_DIRECT_OBJC_ISA_USAGE = YES_ERROR;
				CLANG_WARN_DOCUMENTATION_COMMENTS = YES;
				CLANG_WARN_EMPTY_BODY = YES;
				CLANG_WARN_ENUM_CONVERSION = YES;
				CLANG_WARN_INFINITE_RECURSION = YES;
				CLANG_WARN_INT_CONVERSION = YES;
				CLANG_WARN_NON_LITERAL_NULL_CONVERSION = YES;
				CLANG_WARN_OBJC_IMPLICIT_RETAIN_SELF = YES;
				CLANG_WARN_OBJC_LITERAL_CONVERSION = YES;
				CLANG_WARN_OBJC_ROOT_CLASS = YES_ERROR;
				CLANG_WARN_QUOTED_INCLUDE_IN_FRAMEWORK_HEADER = YES;
				CLANG_WARN_RANGE_LOOP_ANALYSIS = YES;
				CLANG_WARN_STRICT_PROTOTYPES = YES;
				CLANG_WARN_SUSPICIOUS_MOVE = YES;
				CLANG_WARN_UNGUARDED_AVAILABILITY = YES_AGGRESSIVE;
				CLANG_WARN_UNREACHABLE_CODE = YES;
				CLANG_WARN__DUPLICATE_METHOD_MATCH = YES;
				COPY_PHASE_STRIP = NO;
				DEBUG_INFORMATION_FORMAT = "dwarf-with-dsym";
				ENABLE_NS_ASSERTIONS = NO;
				ENABLE_STRICT_OBJC_MSGSEND = YES;
				ENABLE_USER_SCRIPT_SANDBOXING = YES;
				GCC_C_LANGUAGE_STANDARD = gnu17;
				GCC_NO_COMMON_BLOCKS = YES;
				GCC_WARN_64_TO_32_BIT_CONVERSION = YES;
				GCC_WARN_ABOUT_RETURN_TYPE = YES_ERROR;
				GCC_WARN_UNDECLARED_SELECTOR = YES;
				GCC_WARN_UNINITIALIZED_AUTOS = YES_AGGRESSIVE;
				GCC_WARN_UNUSED_FUNCTION = YES;
				GCC_WARN_UNUSED_VARIABLE = YES;
				IPHONEOS_DEPLOYMENT_TARGET = 17.2;
				LOCALIZATION_PREFERS_STRING_CATALOGS = YES;
				MTL_ENABLE_DEBUG_INFO = NO;
				MTL_FAST_MATH = YES;
				SDKROOT = iphoneos;
				SWIFT_COMPILATION_MODE = wholemodule;
				VALIDATE_PRODUCT = YES;
			};
			name = Release;
		};
		C20F83AE2B591CF5006B2463 /* Debug */ = {
			isa = XCBuildConfiguration;
			buildSettings = {
				ASSETCATALOG_COMPILER_APPICON_NAME = AppIcon;
				ASSETCATALOG_COMPILER_GLOBAL_ACCENT_COLOR_NAME = AccentColor;
				CODE_SIGN_STYLE = Automatic;
				CURRENT_PROJECT_VERSION = 1;
				DEVELOPMENT_TEAM = 8HG96SSK4A;
				GENERATE_INFOPLIST_FILE = YES;
				INFOPLIST_FILE = SeSAC_Recap/Info.plist;
				INFOPLIST_KEY_UIApplicationSupportsIndirectInputEvents = YES;
				INFOPLIST_KEY_UILaunchStoryboardName = LaunchScreen;
				INFOPLIST_KEY_UIMainStoryboardFile = Main;
				INFOPLIST_KEY_UISupportedInterfaceOrientations_iPad = "UIInterfaceOrientationPortrait UIInterfaceOrientationPortraitUpsideDown UIInterfaceOrientationLandscapeLeft UIInterfaceOrientationLandscapeRight";
				INFOPLIST_KEY_UISupportedInterfaceOrientations_iPhone = "UIInterfaceOrientationPortrait UIInterfaceOrientationLandscapeLeft UIInterfaceOrientationLandscapeRight";
				LD_RUNPATH_SEARCH_PATHS = (
					"$(inherited)",
					"@executable_path/Frameworks",
				);
				MARKETING_VERSION = 1.0;
				PRODUCT_BUNDLE_IDENTIFIER = "com.cyndi.SeSAC-Recap";
				PRODUCT_NAME = "$(TARGET_NAME)";
				SWIFT_EMIT_LOC_STRINGS = YES;
				SWIFT_VERSION = 5.0;
				TARGETED_DEVICE_FAMILY = "1,2";
			};
			name = Debug;
		};
		C20F83AF2B591CF5006B2463 /* Release */ = {
			isa = XCBuildConfiguration;
			buildSettings = {
				ASSETCATALOG_COMPILER_APPICON_NAME = AppIcon;
				ASSETCATALOG_COMPILER_GLOBAL_ACCENT_COLOR_NAME = AccentColor;
				CODE_SIGN_STYLE = Automatic;
				CURRENT_PROJECT_VERSION = 1;
				DEVELOPMENT_TEAM = 8HG96SSK4A;
				GENERATE_INFOPLIST_FILE = YES;
				INFOPLIST_FILE = SeSAC_Recap/Info.plist;
				INFOPLIST_KEY_UIApplicationSupportsIndirectInputEvents = YES;
				INFOPLIST_KEY_UILaunchStoryboardName = LaunchScreen;
				INFOPLIST_KEY_UIMainStoryboardFile = Main;
				INFOPLIST_KEY_UISupportedInterfaceOrientations_iPad = "UIInterfaceOrientationPortrait UIInterfaceOrientationPortraitUpsideDown UIInterfaceOrientationLandscapeLeft UIInterfaceOrientationLandscapeRight";
				INFOPLIST_KEY_UISupportedInterfaceOrientations_iPhone = "UIInterfaceOrientationPortrait UIInterfaceOrientationLandscapeLeft UIInterfaceOrientationLandscapeRight";
				LD_RUNPATH_SEARCH_PATHS = (
					"$(inherited)",
					"@executable_path/Frameworks",
				);
				MARKETING_VERSION = 1.0;
				PRODUCT_BUNDLE_IDENTIFIER = "com.cyndi.SeSAC-Recap";
				PRODUCT_NAME = "$(TARGET_NAME)";
				SWIFT_EMIT_LOC_STRINGS = YES;
				SWIFT_VERSION = 5.0;
				TARGETED_DEVICE_FAMILY = "1,2";
			};
			name = Release;
		};
/* End XCBuildConfiguration section */

/* Begin XCConfigurationList section */
		C20F83942B591CF4006B2463 /* Build configuration list for PBXProject "SeSAC_Recap" */ = {
			isa = XCConfigurationList;
			buildConfigurations = (
				C20F83AB2B591CF5006B2463 /* Debug */,
				C20F83AC2B591CF5006B2463 /* Release */,
			);
			defaultConfigurationIsVisible = 0;
			defaultConfigurationName = Release;
		};
		C20F83AD2B591CF5006B2463 /* Build configuration list for PBXNativeTarget "SeSAC_Recap" */ = {
			isa = XCConfigurationList;
			buildConfigurations = (
				C20F83AE2B591CF5006B2463 /* Debug */,
				C20F83AF2B591CF5006B2463 /* Release */,
			);
			defaultConfigurationIsVisible = 0;
			defaultConfigurationName = Release;
		};
/* End XCConfigurationList section */
	};
	rootObject = C20F83912B591CF4006B2463 /* Project object */;
}
